
Microsoft Visual Studio Solution File, Format Version 12.00
# Visual Studio Version 18
VisualStudioVersion = 18.0.11222.15
MinimumVisualStudioVersion = 10.0.40219.1
Project("{FAE04EC0-301F-11D3-BF4B-00C04F79EFBC}") = "DWIS.Docker.Constants", "DWIS.Docker.Constants\DWIS.Docker.Constants.csproj", "{513F0348-F3E3-482D-ACE2-4F609F215A32}"
EndProject
Project("{FAE04EC0-301F-11D3-BF4B-00C04F79EFBC}") = "DWIS.Docker.Models", "DWIS.Docker.Models\DWIS.Docker.Models.csproj", "{3954B718-C513-C51C-2CF6-E53CEF3388ED}"
EndProject
Project("{FAE04EC0-301F-11D3-BF4B-00C04F79EFBC}") = "DWIS.Docker.Clients", "DWIS.Docker.Clients\DWIS.Docker.Clients.csproj", "{BCE247F4-65E9-0DAA-E3B6-B5EF5C82553A}"
EndProject
Project("{FAE04EC0-301F-11D3-BF4B-00C04F79EFBC}") = "DWIS.SignalR.DTO", "..\..\..\DWIS-Blackboard-Server\src\DWIS.SignalR.DTO\DWIS.SignalR.DTO.csproj", "{80D2E117-1803-319B-DE86-00074079C2DD}"
EndProject
Project("{FAE04EC0-301F-11D3-BF4B-00C04F79EFBC}") = "DWIS.Docker.Components", "DWIS.Docker.Components\DWIS.Docker.Components.csproj", "{695535BF-9DE2-406B-8656-F73269E3C611}"
EndProject
Project("{FAE04EC0-301F-11D3-BF4B-00C04F79EFBC}") = "DWIS.Desktop", "DWIS.Desktop\DWIS.Desktop.csproj", "{D03D070D-A085-415D-801D-61DF9CF77D68}"
EndProject
Project("{FAE04EC0-301F-11D3-BF4B-00C04F79EFBC}") = "DWIS.Desktop.Web", "DWIS.Desktop.Web\DWIS.Desktop.Web\DWIS.Desktop.Web.csproj", "{E328619E-9D64-4C7E-8C43-CDFC444747F8}"
EndProject
Project("{FAE04EC0-301F-11D3-BF4B-00C04F79EFBC}") = "DWIS.ADCSBridge.Generic.AutoDriller", "..\..\..\ADCSBridgeGeneric\DWIS.ADCSBridge.Generic.AutoDriller\DWIS.ADCSBridge.Generic.AutoDriller.csproj", "{53D14E6B-F97D-9C72-DB12-99DE20172D3C}"
EndProject
Project("{FAE04EC0-301F-11D3-BF4B-00C04F79EFBC}") = "DWIS.ADCSBridge.Generic.CirculationStartup", "..\..\..\ADCSBridgeGeneric\DWIS.ADCSBridge.Generic.CirculationStartup\DWIS.ADCSBridge.Generic.CirculationStartup.csproj", "{96F8C4DA-E625-DECF-7689-686E98191A96}"
EndProject
Project("{FAE04EC0-301F-11D3-BF4B-00C04F79EFBC}") = "DWIS.ADCSBridge.Generic.CirculationStop", "..\..\..\ADCSBridgeGeneric\DWIS.ADCSBridge.Generic.CirculationStop\DWIS.ADCSBridge.Generic.CirculationStop.csproj", "{3FD935EE-0454-7272-FEE7-23F4EB1C907F}"
EndProject
Project("{FAE04EC0-301F-11D3-BF4B-00C04F79EFBC}") = "DWIS.ADCSBridge.Generic.FrictionTest", "..\..\..\ADCSBridgeGeneric\DWIS.ADCSBridge.Generic.FrictionTest\DWIS.ADCSBridge.Generic.FrictionTest.csproj", "{4A56A100-1C3C-F20A-ECA1-38C9C53A97A9}"
EndProject
Project("{FAE04EC0-301F-11D3-BF4B-00C04F79EFBC}") = "DWIS.ADCSBridge.Generic.MaxFlowrateSOE", "..\..\..\ADCSBridgeGeneric\DWIS.ADCSBridge.Generic.MaxFlowrateSOE\DWIS.ADCSBridge.Generic.MaxFlowrateSOE.csproj", "{39EB648C-B727-CDC9-8674-17C28091A798}"
EndProject
Project("{FAE04EC0-301F-11D3-BF4B-00C04F79EFBC}") = "DWIS.ADCSBridge.Generic.OverPressureFDIR", "..\..\..\ADCSBridgeGeneric\DWIS.ADCSBridge.Generic.OverPressureFDIR\DWIS.ADCSBridge.Generic.OverPressureFDIR.csproj", "{C6FED6A7-0F8D-99E2-EAC6-E9B008A88F54}"
EndProject
Project("{FAE04EC0-301F-11D3-BF4B-00C04F79EFBC}") = "DWIS.ADCSBridge.Generic.OverpullUnderpullFDIR", "..\..\..\ADCSBridgeGeneric\DWIS.ADCSBridge.Generic.OverpullUnderpullFDIR\DWIS.ADCSBridge.Generic.OverpullUnderpullFDIR.csproj", "{9F4EC667-A46D-9163-868C-BF8A128F3DDD}"
EndProject
Project("{FAE04EC0-301F-11D3-BF4B-00C04F79EFBC}") = "DWIS.ADCSBridge.Generic.OverTorqueFDIR", "..\..\..\ADCSBridgeGeneric\DWIS.ADCSBridge.Generic.OverTorqueFDIR\DWIS.ADCSBridge.Generic.OverTorqueFDIR.csproj", "{DB63F781-7034-97D3-6372-BD501EB79605}"
EndProject
Project("{FAE04EC0-301F-11D3-BF4B-00C04F79EFBC}") = "DWIS.ADCSBridge.Generic.PickOffBottom", "..\..\..\ADCSBridgeGeneric\DWIS.ADCSBridge.Generic.PickOffBottom\DWIS.ADCSBridge.Generic.PickOffBottom.csproj", "{13901391-62A4-13AF-A069-4D4A621245C2}"
EndProject
Project("{FAE04EC0-301F-11D3-BF4B-00C04F79EFBC}") = "DWIS.ADCSBridge.Generic.Reciprocation", "..\..\..\ADCSBridgeGeneric\DWIS.ADCSBridge.Generic.Reciprocation\DWIS.ADCSBridge.Generic.Reciprocation.csproj", "{CB25FEEF-760B-1E3F-5B47-0DA10A6FB955}"
EndProject
Project("{FAE04EC0-301F-11D3-BF4B-00C04F79EFBC}") = "DWIS.ADCSBridge.Generic.RotationStartup", "..\..\..\ADCSBridgeGeneric\DWIS.ADCSBridge.Generic.RotationStartup\DWIS.ADCSBridge.Generic.RotationStartup.csproj", "{10853B75-B54C-904C-3C00-33CF55669041}"
EndProject
Project("{FAE04EC0-301F-11D3-BF4B-00C04F79EFBC}") = "DWIS.ADCSBridge.Generic.RotationStop", "..\..\..\ADCSBridgeGeneric\DWIS.ADCSBridge.Generic.RotationStop\DWIS.ADCSBridge.Generic.RotationStop.csproj", "{1EE1C81E-FF5A-6F79-D168-E9484A630B79}"
EndProject
Project("{FAE04EC0-301F-11D3-BF4B-00C04F79EFBC}") = "DWIS.ADCSBridge.Generic.SwabSurgeSOE", "..\..\..\ADCSBridgeGeneric\DWIS.ADCSBridge.Generic.SwabSurgeSOE\DWIS.ADCSBridge.Generic.SwabSurgeSOE.csproj", "{E0C3F040-5BBF-67CF-6187-CADCA2F484CB}"
EndProject
Project("{FAE04EC0-301F-11D3-BF4B-00C04F79EFBC}") = "DWIS.ADCSBridge.Generic.TagBottom", "..\..\..\ADCSBridgeGeneric\DWIS.ADCSBridge.Generic.TagBottom\DWIS.ADCSBridge.Generic.TagBottom.csproj", "{3B5C50C7-1A66-04FB-DC82-7A0C7FF7492C}"
EndProject
Project("{FAE04EC0-301F-11D3-BF4B-00C04F79EFBC}") = "DWIS.ADCSBridge.Generic.Model", "..\..\..\ADCSBridgeGeneric\DWIS.ADCSBridge.Generic.Model\DWIS.ADCSBridge.Generic.Model.csproj", "{48B13F1B-F43D-851E-286C-8BE421A131E7}"
EndProject
Project("{2150E333-8FDC-42A3-9474-1A3956D46DE8}") = "Imports", "Imports", "{56717B56-3B4F-46CF-8054-4D83BC3FBC30}"
EndProject
Project("{FAE04EC0-301F-11D3-BF4B-00C04F79EFBC}") = "DWIS.MicroState.InterpretationEngine", "..\..\..\MicroStateEngine\DWIS.MicroState.InterpretationEngine\DWIS.MicroState.InterpretationEngine.csproj", "{E38BDAA9-575E-83C5-BE43-2C4D244681E3}"
EndProject
Project("{FAE04EC0-301F-11D3-BF4B-00C04F79EFBC}") = "DWIS.MicroState.ThresholdsServer", "..\..\..\MicroStateEngine\DWIS.MicroState.ThresholdsServer\DWIS.MicroState.ThresholdsServer.csproj", "{01D9C88A-9CD4-66A1-1BB0-65F464813AA3}"
EndProject
Project("{FAE04EC0-301F-11D3-BF4B-00C04F79EFBC}") = "DWIS.AdviceComposer.Service", "..\..\..\AdviceComposer\DWIS.AdviceComposer.Service\DWIS.AdviceComposer.Service.csproj", "{7FF20A4B-2A79-9EAC-29AA-1490A40E5F36}"
EndProject
Project("{FAE04EC0-301F-11D3-BF4B-00C04F79EFBC}") = "DWIS.AdviceComposer.Model", "..\..\..\AdviceComposer\DWIS.AdviceComposer.Model\DWIS.AdviceComposer.Model.csproj", "{45302CAF-4199-1D3B-8802-4526E45170B5}"
EndProject
Global
	GlobalSection(SolutionConfigurationPlatforms) = preSolution
		Debug|Any CPU = Debug|Any CPU
		Release|Any CPU = Release|Any CPU
	EndGlobalSection
	GlobalSection(ProjectConfigurationPlatforms) = postSolution
		{513F0348-F3E3-482D-ACE2-4F609F215A32}.Debug|Any CPU.ActiveCfg = Debug|Any CPU
		{513F0348-F3E3-482D-ACE2-4F609F215A32}.Debug|Any CPU.Build.0 = Debug|Any CPU
		{513F0348-F3E3-482D-ACE2-4F609F215A32}.Release|Any CPU.ActiveCfg = Release|Any CPU
		{513F0348-F3E3-482D-ACE2-4F609F215A32}.Release|Any CPU.Build.0 = Release|Any CPU
		{3954B718-C513-C51C-2CF6-E53CEF3388ED}.Debug|Any CPU.ActiveCfg = Debug|Any CPU
		{3954B718-C513-C51C-2CF6-E53CEF3388ED}.Debug|Any CPU.Build.0 = Debug|Any CPU
		{3954B718-C513-C51C-2CF6-E53CEF3388ED}.Release|Any CPU.ActiveCfg = Release|Any CPU
		{3954B718-C513-C51C-2CF6-E53CEF3388ED}.Release|Any CPU.Build.0 = Release|Any CPU
		{BCE247F4-65E9-0DAA-E3B6-B5EF5C82553A}.Debug|Any CPU.ActiveCfg = Debug|Any CPU
		{BCE247F4-65E9-0DAA-E3B6-B5EF5C82553A}.Debug|Any CPU.Build.0 = Debug|Any CPU
		{BCE247F4-65E9-0DAA-E3B6-B5EF5C82553A}.Release|Any CPU.ActiveCfg = Release|Any CPU
		{BCE247F4-65E9-0DAA-E3B6-B5EF5C82553A}.Release|Any CPU.Build.0 = Release|Any CPU
		{80D2E117-1803-319B-DE86-00074079C2DD}.Debug|Any CPU.ActiveCfg = Debug|Any CPU
		{80D2E117-1803-319B-DE86-00074079C2DD}.Debug|Any CPU.Build.0 = Debug|Any CPU
		{80D2E117-1803-319B-DE86-00074079C2DD}.Release|Any CPU.ActiveCfg = Release|Any CPU
		{80D2E117-1803-319B-DE86-00074079C2DD}.Release|Any CPU.Build.0 = Release|Any CPU
		{695535BF-9DE2-406B-8656-F73269E3C611}.Debug|Any CPU.ActiveCfg = Debug|Any CPU
		{695535BF-9DE2-406B-8656-F73269E3C611}.Debug|Any CPU.Build.0 = Debug|Any CPU
		{695535BF-9DE2-406B-8656-F73269E3C611}.Release|Any CPU.ActiveCfg = Release|Any CPU
		{695535BF-9DE2-406B-8656-F73269E3C611}.Release|Any CPU.Build.0 = Release|Any CPU
		{D03D070D-A085-415D-801D-61DF9CF77D68}.Debug|Any CPU.ActiveCfg = Debug|Any CPU
		{D03D070D-A085-415D-801D-61DF9CF77D68}.Debug|Any CPU.Build.0 = Debug|Any CPU
		{D03D070D-A085-415D-801D-61DF9CF77D68}.Release|Any CPU.ActiveCfg = Release|Any CPU
		{D03D070D-A085-415D-801D-61DF9CF77D68}.Release|Any CPU.Build.0 = Release|Any CPU
		{E328619E-9D64-4C7E-8C43-CDFC444747F8}.Debug|Any CPU.ActiveCfg = Debug|Any CPU
		{E328619E-9D64-4C7E-8C43-CDFC444747F8}.Debug|Any CPU.Build.0 = Debug|Any CPU
		{E328619E-9D64-4C7E-8C43-CDFC444747F8}.Release|Any CPU.ActiveCfg = Release|Any CPU
		{E328619E-9D64-4C7E-8C43-CDFC444747F8}.Release|Any CPU.Build.0 = Release|Any CPU
		{53D14E6B-F97D-9C72-DB12-99DE20172D3C}.Debug|Any CPU.ActiveCfg = Debug|Any CPU
		{53D14E6B-F97D-9C72-DB12-99DE20172D3C}.Debug|Any CPU.Build.0 = Debug|Any CPU
		{53D14E6B-F97D-9C72-DB12-99DE20172D3C}.Release|Any CPU.ActiveCfg = Release|Any CPU
		{53D14E6B-F97D-9C72-DB12-99DE20172D3C}.Release|Any CPU.Build.0 = Release|Any CPU
		{96F8C4DA-E625-DECF-7689-686E98191A96}.Debug|Any CPU.ActiveCfg = Debug|Any CPU
		{96F8C4DA-E625-DECF-7689-686E98191A96}.Debug|Any CPU.Build.0 = Debug|Any CPU
		{96F8C4DA-E625-DECF-7689-686E98191A96}.Release|Any CPU.ActiveCfg = Release|Any CPU
		{96F8C4DA-E625-DECF-7689-686E98191A96}.Release|Any CPU.Build.0 = Release|Any CPU
		{3FD935EE-0454-7272-FEE7-23F4EB1C907F}.Debug|Any CPU.ActiveCfg = Debug|Any CPU
		{3FD935EE-0454-7272-FEE7-23F4EB1C907F}.Debug|Any CPU.Build.0 = Debug|Any CPU
		{3FD935EE-0454-7272-FEE7-23F4EB1C907F}.Release|Any CPU.ActiveCfg = Release|Any CPU
		{3FD935EE-0454-7272-FEE7-23F4EB1C907F}.Release|Any CPU.Build.0 = Release|Any CPU
		{4A56A100-1C3C-F20A-ECA1-38C9C53A97A9}.Debug|Any CPU.ActiveCfg = Debug|Any CPU
		{4A56A100-1C3C-F20A-ECA1-38C9C53A97A9}.Debug|Any CPU.Build.0 = Debug|Any CPU
		{4A56A100-1C3C-F20A-ECA1-38C9C53A97A9}.Release|Any CPU.ActiveCfg = Release|Any CPU
		{4A56A100-1C3C-F20A-ECA1-38C9C53A97A9}.Release|Any CPU.Build.0 = Release|Any CPU
		{39EB648C-B727-CDC9-8674-17C28091A798}.Debug|Any CPU.ActiveCfg = Debug|Any CPU
		{39EB648C-B727-CDC9-8674-17C28091A798}.Debug|Any CPU.Build.0 = Debug|Any CPU
		{39EB648C-B727-CDC9-8674-17C28091A798}.Release|Any CPU.ActiveCfg = Release|Any CPU
		{39EB648C-B727-CDC9-8674-17C28091A798}.Release|Any CPU.Build.0 = Release|Any CPU
		{C6FED6A7-0F8D-99E2-EAC6-E9B008A88F54}.Debug|Any CPU.ActiveCfg = Debug|Any CPU
		{C6FED6A7-0F8D-99E2-EAC6-E9B008A88F54}.Debug|Any CPU.Build.0 = Debug|Any CPU
		{C6FED6A7-0F8D-99E2-EAC6-E9B008A88F54}.Release|Any CPU.ActiveCfg = Release|Any CPU
		{C6FED6A7-0F8D-99E2-EAC6-E9B008A88F54}.Release|Any CPU.Build.0 = Release|Any CPU
		{9F4EC667-A46D-9163-868C-BF8A128F3DDD}.Debug|Any CPU.ActiveCfg = Debug|Any CPU
		{9F4EC667-A46D-9163-868C-BF8A128F3DDD}.Debug|Any CPU.Build.0 = Debug|Any CPU
		{9F4EC667-A46D-9163-868C-BF8A128F3DDD}.Release|Any CPU.ActiveCfg = Release|Any CPU
		{9F4EC667-A46D-9163-868C-BF8A128F3DDD}.Release|Any CPU.Build.0 = Release|Any CPU
		{DB63F781-7034-97D3-6372-BD501EB79605}.Debug|Any CPU.ActiveCfg = Debug|Any CPU
		{DB63F781-7034-97D3-6372-BD501EB79605}.Debug|Any CPU.Build.0 = Debug|Any CPU
		{DB63F781-7034-97D3-6372-BD501EB79605}.Release|Any CPU.ActiveCfg = Release|Any CPU
		{DB63F781-7034-97D3-6372-BD501EB79605}.Release|Any CPU.Build.0 = Release|Any CPU
		{13901391-62A4-13AF-A069-4D4A621245C2}.Debug|Any CPU.ActiveCfg = Debug|Any CPU
		{13901391-62A4-13AF-A069-4D4A621245C2}.Debug|Any CPU.Build.0 = Debug|Any CPU
		{13901391-62A4-13AF-A069-4D4A621245C2}.Release|Any CPU.ActiveCfg = Release|Any CPU
		{13901391-62A4-13AF-A069-4D4A621245C2}.Release|Any CPU.Build.0 = Release|Any CPU
		{CB25FEEF-760B-1E3F-5B47-0DA10A6FB955}.Debug|Any CPU.ActiveCfg = Debug|Any CPU
		{CB25FEEF-760B-1E3F-5B47-0DA10A6FB955}.Debug|Any CPU.Build.0 = Debug|Any CPU
		{CB25FEEF-760B-1E3F-5B47-0DA10A6FB955}.Release|Any CPU.ActiveCfg = Release|Any CPU
		{CB25FEEF-760B-1E3F-5B47-0DA10A6FB955}.Release|Any CPU.Build.0 = Release|Any CPU
		{10853B75-B54C-904C-3C00-33CF55669041}.Debug|Any CPU.ActiveCfg = Debug|Any CPU
		{10853B75-B54C-904C-3C00-33CF55669041}.Debug|Any CPU.Build.0 = Debug|Any CPU
		{10853B75-B54C-904C-3C00-33CF55669041}.Release|Any CPU.ActiveCfg = Release|Any CPU
		{10853B75-B54C-904C-3C00-33CF55669041}.Release|Any CPU.Build.0 = Release|Any CPU
		{1EE1C81E-FF5A-6F79-D168-E9484A630B79}.Debug|Any CPU.ActiveCfg = Debug|Any CPU
		{1EE1C81E-FF5A-6F79-D168-E9484A630B79}.Debug|Any CPU.Build.0 = Debug|Any CPU
		{1EE1C81E-FF5A-6F79-D168-E9484A630B79}.Release|Any CPU.ActiveCfg = Release|Any CPU
		{1EE1C81E-FF5A-6F79-D168-E9484A630B79}.Release|Any CPU.Build.0 = Release|Any CPU
		{E0C3F040-5BBF-67CF-6187-CADCA2F484CB}.Debug|Any CPU.ActiveCfg = Debug|Any CPU
		{E0C3F040-5BBF-67CF-6187-CADCA2F484CB}.Debug|Any CPU.Build.0 = Debug|Any CPU
		{E0C3F040-5BBF-67CF-6187-CADCA2F484CB}.Release|Any CPU.ActiveCfg = Release|Any CPU
		{E0C3F040-5BBF-67CF-6187-CADCA2F484CB}.Release|Any CPU.Build.0 = Release|Any CPU
		{3B5C50C7-1A66-04FB-DC82-7A0C7FF7492C}.Debug|Any CPU.ActiveCfg = Debug|Any CPU
		{3B5C50C7-1A66-04FB-DC82-7A0C7FF7492C}.Debug|Any CPU.Build.0 = Debug|Any CPU
		{3B5C50C7-1A66-04FB-DC82-7A0C7FF7492C}.Release|Any CPU.ActiveCfg = Release|Any CPU
		{3B5C50C7-1A66-04FB-DC82-7A0C7FF7492C}.Release|Any CPU.Build.0 = Release|Any CPU
		{48B13F1B-F43D-851E-286C-8BE421A131E7}.Debug|Any CPU.ActiveCfg = Debug|Any CPU
		{48B13F1B-F43D-851E-286C-8BE421A131E7}.Debug|Any CPU.Build.0 = Debug|Any CPU
		{48B13F1B-F43D-851E-286C-8BE421A131E7}.Release|Any CPU.ActiveCfg = Release|Any CPU
		{48B13F1B-F43D-851E-286C-8BE421A131E7}.Release|Any CPU.Build.0 = Release|Any CPU
		{E38BDAA9-575E-83C5-BE43-2C4D244681E3}.Debug|Any CPU.ActiveCfg = Debug|Any CPU
		{E38BDAA9-575E-83C5-BE43-2C4D244681E3}.Debug|Any CPU.Build.0 = Debug|Any CPU
		{E38BDAA9-575E-83C5-BE43-2C4D244681E3}.Release|Any CPU.ActiveCfg = Release|Any CPU
		{E38BDAA9-575E-83C5-BE43-2C4D244681E3}.Release|Any CPU.Build.0 = Release|Any CPU
		{01D9C88A-9CD4-66A1-1BB0-65F464813AA3}.Debug|Any CPU.ActiveCfg = Debug|Any CPU
		{01D9C88A-9CD4-66A1-1BB0-65F464813AA3}.Debug|Any CPU.Build.0 = Debug|Any CPU
		{01D9C88A-9CD4-66A1-1BB0-65F464813AA3}.Release|Any CPU.ActiveCfg = Release|Any CPU
		{01D9C88A-9CD4-66A1-1BB0-65F464813AA3}.Release|Any CPU.Build.0 = Release|Any CPU
		{7FF20A4B-2A79-9EAC-29AA-1490A40E5F36}.Debug|Any CPU.ActiveCfg = Debug|Any CPU
		{7FF20A4B-2A79-9EAC-29AA-1490A40E5F36}.Debug|Any CPU.Build.0 = Debug|Any CPU
		{7FF20A4B-2A79-9EAC-29AA-1490A40E5F36}.Release|Any CPU.ActiveCfg = Release|Any CPU
		{7FF20A4B-2A79-9EAC-29AA-1490A40E5F36}.Release|Any CPU.Build.0 = Release|Any CPU
		{45302CAF-4199-1D3B-8802-4526E45170B5}.Debug|Any CPU.ActiveCfg = Debug|Any CPU
		{45302CAF-4199-1D3B-8802-4526E45170B5}.Debug|Any CPU.Build.0 = Debug|Any CPU
		{45302CAF-4199-1D3B-8802-4526E45170B5}.Release|Any CPU.ActiveCfg = Release|Any CPU
		{45302CAF-4199-1D3B-8802-4526E45170B5}.Release|Any CPU.Build.0 = Release|Any CPU
	EndGlobalSection
	GlobalSection(SolutionProperties) = preSolution
		HideSolutionNode = FALSE
	EndGlobalSection
	GlobalSection(NestedProjects) = preSolution
		{80D2E117-1803-319B-DE86-00074079C2DD} = {56717B56-3B4F-46CF-8054-4D83BC3FBC30}
		{53D14E6B-F97D-9C72-DB12-99DE20172D3C} = {56717B56-3B4F-46CF-8054-4D83BC3FBC30}
		{96F8C4DA-E625-DECF-7689-686E98191A96} = {56717B56-3B4F-46CF-8054-4D83BC3FBC30}
		{3FD935EE-0454-7272-FEE7-23F4EB1C907F} = {56717B56-3B4F-46CF-8054-4D83BC3FBC30}
		{4A56A100-1C3C-F20A-ECA1-38C9C53A97A9} = {56717B56-3B4F-46CF-8054-4D83BC3FBC30}
		{39EB648C-B727-CDC9-8674-17C28091A798} = {56717B56-3B4F-46CF-8054-4D83BC3FBC30}
		{C6FED6A7-0F8D-99E2-EAC6-E9B008A88F54} = {56717B56-3B4F-46CF-8054-4D83BC3FBC30}
		{9F4EC667-A46D-9163-868C-BF8A128F3DDD} = {56717B56-3B4F-46CF-8054-4D83BC3FBC30}
		{DB63F781-7034-97D3-6372-BD501EB79605} = {56717B56-3B4F-46CF-8054-4D83BC3FBC30}
		{13901391-62A4-13AF-A069-4D4A621245C2} = {56717B56-3B4F-46CF-8054-4D83BC3FBC30}
		{CB25FEEF-760B-1E3F-5B47-0DA10A6FB955} = {56717B56-3B4F-46CF-8054-4D83BC3FBC30}
		{10853B75-B54C-904C-3C00-33CF55669041} = {56717B56-3B4F-46CF-8054-4D83BC3FBC30}
		{1EE1C81E-FF5A-6F79-D168-E9484A630B79} = {56717B56-3B4F-46CF-8054-4D83BC3FBC30}
		{E0C3F040-5BBF-67CF-6187-CADCA2F484CB} = {56717B56-3B4F-46CF-8054-4D83BC3FBC30}
		{3B5C50C7-1A66-04FB-DC82-7A0C7FF7492C} = {56717B56-3B4F-46CF-8054-4D83BC3FBC30}
		{48B13F1B-F43D-851E-286C-8BE421A131E7} = {56717B56-3B4F-46CF-8054-4D83BC3FBC30}
		{E38BDAA9-575E-83C5-BE43-2C4D244681E3} = {56717B56-3B4F-46CF-8054-4D83BC3FBC30}
		{01D9C88A-9CD4-66A1-1BB0-65F464813AA3} = {56717B56-3B4F-46CF-8054-4D83BC3FBC30}
		{7FF20A4B-2A79-9EAC-29AA-1490A40E5F36} = {56717B56-3B4F-46CF-8054-4D83BC3FBC30}
		{45302CAF-4199-1D3B-8802-4526E45170B5} = {56717B56-3B4F-46CF-8054-4D83BC3FBC30}
	EndGlobalSection
	GlobalSection(ExtensibilityGlobals) = postSolution
		SolutionGuid = {59773EF1-0260-40C7-BB4E-B625700B5232}
	EndGlobalSection
EndGlobal
